
Microsoft Visual Studio Solution File, Format Version 12.00
# Visual Studio Version 17
VisualStudioVersion = 17.11.35312.102
MinimumVisualStudioVersion = 10.0.40219.1
Project("{FAE04EC0-301F-11D3-BF4B-00C04F79EFBC}") = "eldar_lab2", "eldar_lab2\eldar_lab2.csproj", "{FB0C8A12-A9EC-4DBC-ACBA-814C81A3FCFA}"
EndProject
Global
	GlobalSection(SolutionConfigurationPlatforms) = preSolution
		Debug|Any CPU = Debug|Any CPU
		Release|Any CPU = Release|Any CPU
	EndGlobalSection
	GlobalSection(ProjectConfigurationPlatforms) = postSolution
		{FB0C8A12-A9EC-4DBC-ACBA-814C81A3FCFA}.Debug|Any CPU.ActiveCfg = Debug|Any CPU
		{FB0C8A12-A9EC-4DBC-ACBA-814C81A3FCFA}.Debug|Any CPU.Build.0 = Debug|Any CPU
		{FB0C8A12-A9EC-4DBC-ACBA-814C81A3FCFA}.Release|Any CPU.ActiveCfg = Release|Any CPU
		{FB0C8A12-A9EC-4DBC-ACBA-814C81A3FCFA}.Release|Any CPU.Build.0 = Release|Any CPU
	EndGlobalSection
	GlobalSection(SolutionProperties) = preSolution
		HideSolutionNode = FALSE
	EndGlobalSection
	GlobalSection(ExtensibilityGlobals) = postSolution
		SolutionGuid = {0C393A23-2A38-477E-BCBC-0B17B12E184A}
	EndGlobalSection
EndGlobal
